
Microsoft Visual Studio Solution File, Format Version 12.00
# Visual Studio Version 16
VisualStudioVersion = 16.0.31624.102
MinimumVisualStudioVersion = 10.0.40219.1
Project("{9A19103F-16F7-4668-BE54-9A1E7A4F7556}") = "CS_App_30", "CS_App_30\CS_App_30.csproj", "{007FF245-8CB1-4247-9EEF-8B2A0E9369B2}"
EndProject
Project("{9A19103F-16F7-4668-BE54-9A1E7A4F7556}") = "CS_App_50", "CS_App_50\CS_App_50.csproj", "{FB17D211-E5E4-4C69-9163-14B3A390E866}"
EndProject
Project("{FAE04EC0-301F-11D3-BF4B-00C04F79EFBC}") = "CS_Frwk", "CS_Frwk\CS_Frwk.csproj", "{AF939CBC-4357-4E7D-9D40-8DA2BE679934}"
EndProject
Project("{2150E333-8FDC-42A3-9474-1A3956D46DE8}") = "Solution Items", "Solution Items", "{F627F7AB-202E-4544-9EB3-87F2F9741B8D}"
	ProjectSection(SolutionItems) = preProject
		readme.md = readme.md
	EndProjectSection
EndProject
Project("{9A19103F-16F7-4668-BE54-9A1E7A4F7556}") = "CS_EFCore_DbFirst", "CS_EFCore_DbFirst\CS_EFCore_DbFirst.csproj", "{613F620A-8A1E-4990-A21E-0FD3F129F88B}"
EndProject
Project("{9A19103F-16F7-4668-BE54-9A1E7A4F7556}") = "CS_EF_Code_First", "CS_EF_Code_First\CS_EF_Code_First.csproj", "{689717C3-713B-4065-9C5A-ED08225D3923}"
EndProject
Project("{9A19103F-16F7-4668-BE54-9A1E7A4F7556}") = "Assignment_One", "Assignment_One\Assignment_One.csproj", "{25E52640-2D56-4C05-9F3C-0CB88BF31D84}"
EndProject
Project("{9A19103F-16F7-4668-BE54-9A1E7A4F7556}") = "Core_WebApp", "Core_WebApp\Core_WebApp.csproj", "{DEB92523-DFE2-4E2C-8EE4-EAEB1C8678D1}"
EndProject
Project("{9A19103F-16F7-4668-BE54-9A1E7A4F7556}") = "Assignement.DataAccess", "Assignement.DataAccess\Assignement.DataAccess.csproj", "{8ABD71F0-98FF-40BB-9ACA-AFE057D2E6E8}"
EndProject
Project("{9A19103F-16F7-4668-BE54-9A1E7A4F7556}") = "Assignment_Two", "Assignment_Two\Assignment_Two.csproj", "{070EFB35-EF28-426C-87C0-8DD82B0C46E8}"
EndProject
Project("{9A19103F-16F7-4668-BE54-9A1E7A4F7556}") = "Core_API", "Core_API\Core_API.csproj", "{F27DB6F2-F060-49AF-8BE1-B01828B88EC2}"
EndProject
Project("{9A19103F-16F7-4668-BE54-9A1E7A4F7556}") = "Assignment_API", "Assignment_API\Assignment_API.csproj", "{94BCEB30-8633-42EE-8C6A-A13F8008C384}"
EndProject
Project("{9A19103F-16F7-4668-BE54-9A1E7A4F7556}") = "Core.DataAccess", "Core.DataAccess\Core.DataAccess.csproj", "{696E7C92-5AB7-4557-8382-7FF654EF1882}"
EndProject
Global
	GlobalSection(SolutionConfigurationPlatforms) = preSolution
		Debug|Any CPU = Debug|Any CPU
		Release|Any CPU = Release|Any CPU
	EndGlobalSection
	GlobalSection(ProjectConfigurationPlatforms) = postSolution
		{007FF245-8CB1-4247-9EEF-8B2A0E9369B2}.Debug|Any CPU.ActiveCfg = Debug|Any CPU
		{007FF245-8CB1-4247-9EEF-8B2A0E9369B2}.Debug|Any CPU.Build.0 = Debug|Any CPU
		{007FF245-8CB1-4247-9EEF-8B2A0E9369B2}.Release|Any CPU.ActiveCfg = Release|Any CPU
		{007FF245-8CB1-4247-9EEF-8B2A0E9369B2}.Release|Any CPU.Build.0 = Release|Any CPU
		{FB17D211-E5E4-4C69-9163-14B3A390E866}.Debug|Any CPU.ActiveCfg = Debug|Any CPU
		{FB17D211-E5E4-4C69-9163-14B3A390E866}.Debug|Any CPU.Build.0 = Debug|Any CPU
		{FB17D211-E5E4-4C69-9163-14B3A390E866}.Release|Any CPU.ActiveCfg = Release|Any CPU
		{FB17D211-E5E4-4C69-9163-14B3A390E866}.Release|Any CPU.Build.0 = Release|Any CPU
		{AF939CBC-4357-4E7D-9D40-8DA2BE679934}.Debug|Any CPU.ActiveCfg = Debug|Any CPU
		{AF939CBC-4357-4E7D-9D40-8DA2BE679934}.Debug|Any CPU.Build.0 = Debug|Any CPU
		{AF939CBC-4357-4E7D-9D40-8DA2BE679934}.Release|Any CPU.ActiveCfg = Release|Any CPU
		{AF939CBC-4357-4E7D-9D40-8DA2BE679934}.Release|Any CPU.Build.0 = Release|Any CPU
		{613F620A-8A1E-4990-A21E-0FD3F129F88B}.Debug|Any CPU.ActiveCfg = Debug|Any CPU
		{613F620A-8A1E-4990-A21E-0FD3F129F88B}.Debug|Any CPU.Build.0 = Debug|Any CPU
		{613F620A-8A1E-4990-A21E-0FD3F129F88B}.Release|Any CPU.ActiveCfg = Release|Any CPU
		{613F620A-8A1E-4990-A21E-0FD3F129F88B}.Release|Any CPU.Build.0 = Release|Any CPU
		{689717C3-713B-4065-9C5A-ED08225D3923}.Debug|Any CPU.ActiveCfg = Debug|Any CPU
		{689717C3-713B-4065-9C5A-ED08225D3923}.Debug|Any CPU.Build.0 = Debug|Any CPU
		{689717C3-713B-4065-9C5A-ED08225D3923}.Release|Any CPU.ActiveCfg = Release|Any CPU
		{689717C3-713B-4065-9C5A-ED08225D3923}.Release|Any CPU.Build.0 = Release|Any CPU
		{25E52640-2D56-4C05-9F3C-0CB88BF31D84}.Debug|Any CPU.ActiveCfg = Debug|Any CPU
		{25E52640-2D56-4C05-9F3C-0CB88BF31D84}.Debug|Any CPU.Build.0 = Debug|Any CPU
		{25E52640-2D56-4C05-9F3C-0CB88BF31D84}.Release|Any CPU.ActiveCfg = Release|Any CPU
		{25E52640-2D56-4C05-9F3C-0CB88BF31D84}.Release|Any CPU.Build.0 = Release|Any CPU
		{DEB92523-DFE2-4E2C-8EE4-EAEB1C8678D1}.Debug|Any CPU.ActiveCfg = Debug|Any CPU
		{DEB92523-DFE2-4E2C-8EE4-EAEB1C8678D1}.Debug|Any CPU.Build.0 = Debug|Any CPU
		{DEB92523-DFE2-4E2C-8EE4-EAEB1C8678D1}.Release|Any CPU.ActiveCfg = Release|Any CPU
		{DEB92523-DFE2-4E2C-8EE4-EAEB1C8678D1}.Release|Any CPU.Build.0 = Release|Any CPU
		{8ABD71F0-98FF-40BB-9ACA-AFE057D2E6E8}.Debug|Any CPU.ActiveCfg = Debug|Any CPU
		{8ABD71F0-98FF-40BB-9ACA-AFE057D2E6E8}.Debug|Any CPU.Build.0 = Debug|Any CPU
		{8ABD71F0-98FF-40BB-9ACA-AFE057D2E6E8}.Release|Any CPU.ActiveCfg = Release|Any CPU
		{8ABD71F0-98FF-40BB-9ACA-AFE057D2E6E8}.Release|Any CPU.Build.0 = Release|Any CPU
		{070EFB35-EF28-426C-87C0-8DD82B0C46E8}.Debug|Any CPU.ActiveCfg = Debug|Any CPU
		{070EFB35-EF28-426C-87C0-8DD82B0C46E8}.Debug|Any CPU.Build.0 = Debug|Any CPU
		{070EFB35-EF28-426C-87C0-8DD82B0C46E8}.Release|Any CPU.ActiveCfg = Release|Any CPU
		{070EFB35-EF28-426C-87C0-8DD82B0C46E8}.Release|Any CPU.Build.0 = Release|Any CPU
		{F27DB6F2-F060-49AF-8BE1-B01828B88EC2}.Debug|Any CPU.ActiveCfg = Debug|Any CPU
		{F27DB6F2-F060-49AF-8BE1-B01828B88EC2}.Debug|Any CPU.Build.0 = Debug|Any CPU
		{F27DB6F2-F060-49AF-8BE1-B01828B88EC2}.Release|Any CPU.ActiveCfg = Release|Any CPU
		{F27DB6F2-F060-49AF-8BE1-B01828B88EC2}.Release|Any CPU.Build.0 = Release|Any CPU
		{94BCEB30-8633-42EE-8C6A-A13F8008C384}.Debug|Any CPU.ActiveCfg = Debug|Any CPU
		{94BCEB30-8633-42EE-8C6A-A13F8008C384}.Debug|Any CPU.Build.0 = Debug|Any CPU
		{94BCEB30-8633-42EE-8C6A-A13F8008C384}.Release|Any CPU.ActiveCfg = Release|Any CPU
		{94BCEB30-8633-42EE-8C6A-A13F8008C384}.Release|Any CPU.Build.0 = Release|Any CPU
		{696E7C92-5AB7-4557-8382-7FF654EF1882}.Debug|Any CPU.ActiveCfg = Debug|Any CPU
		{696E7C92-5AB7-4557-8382-7FF654EF1882}.Debug|Any CPU.Build.0 = Debug|Any CPU
		{696E7C92-5AB7-4557-8382-7FF654EF1882}.Release|Any CPU.ActiveCfg = Release|Any CPU
		{696E7C92-5AB7-4557-8382-7FF654EF1882}.Release|Any CPU.Build.0 = Release|Any CPU
	EndGlobalSection
	GlobalSection(SolutionProperties) = preSolution
		HideSolutionNode = FALSE
	EndGlobalSection
	GlobalSection(ExtensibilityGlobals) = postSolution
		SolutionGuid = {04FD6882-35EB-4763-A0C6-35DD3E790039}
	EndGlobalSection
EndGlobal
